
Microsoft Visual Studio Solution File, Format Version 12.00
# Visual Studio Version 17
VisualStudioVersion = 17.7.34031.279
MinimumVisualStudioVersion = 10.0.40219.1
Project("{FAE04EC0-301F-11D3-BF4B-00C04F79EFBC}") = "Library_Management_System", "Library_Management_System\Library_Management_System.csproj", "{4C438D41-CC79-4849-983F-8395264311C7}"
EndProject
Global
	GlobalSection(SolutionConfigurationPlatforms) = preSolution
		Debug|Any CPU = Debug|Any CPU
		Release|Any CPU = Release|Any CPU
	EndGlobalSection
	GlobalSection(ProjectConfigurationPlatforms) = postSolution
		{4C438D41-CC79-4849-983F-8395264311C7}.Debug|Any CPU.ActiveCfg = Debug|Any CPU
		{4C438D41-CC79-4849-983F-8395264311C7}.Debug|Any CPU.Build.0 = Debug|Any CPU
		{4C438D41-CC79-4849-983F-8395264311C7}.Release|Any CPU.ActiveCfg = Release|Any CPU
		{4C438D41-CC79-4849-983F-8395264311C7}.Release|Any CPU.Build.0 = Release|Any CPU
	EndGlobalSection
	GlobalSection(SolutionProperties) = preSolution
		HideSolutionNode = FALSE
	EndGlobalSection
	GlobalSection(ExtensibilityGlobals) = postSolution
		SolutionGuid = {05A5FFB9-03B2-4810-B526-D2F59C69DF07}
	EndGlobalSection
EndGlobal
